
Microsoft Visual Studio Solution File, Format Version 12.00
# Visual Studio Version 17
VisualStudioVersion = 17.7.34031.279
MinimumVisualStudioVersion = 10.0.40219.1
Project("{FAE04EC0-301F-11D3-BF4B-00C04F79EFBC}") = "arrayhomework", "arrayhomework\arrayhomework.csproj", "{E04A158B-76B9-413C-AAB1-C91D6917E3DB}"
EndProject
Global
	GlobalSection(SolutionConfigurationPlatforms) = preSolution
		Debug|Any CPU = Debug|Any CPU
		Release|Any CPU = Release|Any CPU
	EndGlobalSection
	GlobalSection(ProjectConfigurationPlatforms) = postSolution
		{E04A158B-76B9-413C-AAB1-C91D6917E3DB}.Debug|Any CPU.ActiveCfg = Debug|Any CPU
		{E04A158B-76B9-413C-AAB1-C91D6917E3DB}.Debug|Any CPU.Build.0 = Debug|Any CPU
		{E04A158B-76B9-413C-AAB1-C91D6917E3DB}.Release|Any CPU.ActiveCfg = Release|Any CPU
		{E04A158B-76B9-413C-AAB1-C91D6917E3DB}.Release|Any CPU.Build.0 = Release|Any CPU
	EndGlobalSection
	GlobalSection(SolutionProperties) = preSolution
		HideSolutionNode = FALSE
	EndGlobalSection
	GlobalSection(ExtensibilityGlobals) = postSolution
		SolutionGuid = {F515B127-D2EA-47FD-83E3-F89C7222BC51}
	EndGlobalSection
EndGlobal
